
Microsoft Visual Studio Solution File, Format Version 12.00
# Visual Studio 15
VisualStudioVersion = 15.0.28307.489
MinimumVisualStudioVersion = 10.0.40219.1
Project("{FAE04EC0-301F-11D3-BF4B-00C04F79EFBC}") = "PersonelApi", "PersonelApi\PersonelApi.csproj", "{29DC04BF-16E7-41C1-A995-EE7202C83C80}"
EndProject
Global
	GlobalSection(SolutionConfigurationPlatforms) = preSolution
		Debug|Any CPU = Debug|Any CPU
		Release|Any CPU = Release|Any CPU
	EndGlobalSection
	GlobalSection(ProjectConfigurationPlatforms) = postSolution
		{29DC04BF-16E7-41C1-A995-EE7202C83C80}.Debug|Any CPU.ActiveCfg = Debug|Any CPU
		{29DC04BF-16E7-41C1-A995-EE7202C83C80}.Debug|Any CPU.Build.0 = Debug|Any CPU
		{29DC04BF-16E7-41C1-A995-EE7202C83C80}.Release|Any CPU.ActiveCfg = Release|Any CPU
		{29DC04BF-16E7-41C1-A995-EE7202C83C80}.Release|Any CPU.Build.0 = Release|Any CPU
	EndGlobalSection
	GlobalSection(SolutionProperties) = preSolution
		HideSolutionNode = FALSE
	EndGlobalSection
	GlobalSection(ExtensibilityGlobals) = postSolution
		SolutionGuid = {E513D4C0-184B-4F22-BF3B-95E73BB9282A}
	EndGlobalSection
EndGlobal
